// !$*UTF8*$!
{
	archiveVersion = 1;
	classes = {
	};
	objectVersion = 50;
	objects = {

/* Begin PBXBuildFile section */
		0501894F21EA8C16009B48D0 /* CollectionsTableViewCell.swift in Sources */ = {isa = PBXBuildFile; fileRef = 0501894E21EA8C16009B48D0 /* CollectionsTableViewCell.swift */; };
		0501895321EAB6A0009B48D0 /* Collection.swift in Sources */ = {isa = PBXBuildFile; fileRef = 0501895221EAB6A0009B48D0 /* Collection.swift */; };
		0501895521EBB763009B48D0 /* Product.swift in Sources */ = {isa = PBXBuildFile; fileRef = 0501895421EBB763009B48D0 /* Product.swift */; };
		0501895721EBB780009B48D0 /* Variant.swift in Sources */ = {isa = PBXBuildFile; fileRef = 0501895621EBB780009B48D0 /* Variant.swift */; };
		0501895921EBC2F9009B48D0 /* ProductTableViewController.swift in Sources */ = {isa = PBXBuildFile; fileRef = 0501895821EBC2F9009B48D0 /* ProductTableViewController.swift */; };
		0501895B21EBC30C009B48D0 /* VariantTableViewController.swift in Sources */ = {isa = PBXBuildFile; fileRef = 0501895A21EBC30C009B48D0 /* VariantTableViewController.swift */; };
		0501895D21EBC3EC009B48D0 /* ProductCollectionTableViewCell.swift in Sources */ = {isa = PBXBuildFile; fileRef = 0501895C21EBC3EC009B48D0 /* ProductCollectionTableViewCell.swift */; };
		0501895F21EBC419009B48D0 /* ProductTableViewCell.swift in Sources */ = {isa = PBXBuildFile; fileRef = 0501895E21EBC419009B48D0 /* ProductTableViewCell.swift */; };
		0501896321EBC446009B48D0 /* VariantTableViewCell.swift in Sources */ = {isa = PBXBuildFile; fileRef = 0501896221EBC446009B48D0 /* VariantTableViewCell.swift */; };
		053B528621E5025A003AABFC /* AppDelegate.swift in Sources */ = {isa = PBXBuildFile; fileRef = 053B528521E5025A003AABFC /* AppDelegate.swift */; };
		053B528F21E5025A003AABFC /* Main.storyboard in Resources */ = {isa = PBXBuildFile; fileRef = 053B528D21E5025A003AABFC /* Main.storyboard */; };
		053B529121E5025C003AABFC /* Assets.xcassets in Resources */ = {isa = PBXBuildFile; fileRef = 053B529021E5025C003AABFC /* Assets.xcassets */; };
		053B529421E5025C003AABFC /* LaunchScreen.storyboard in Resources */ = {isa = PBXBuildFile; fileRef = 053B529221E5025C003AABFC /* LaunchScreen.storyboard */; };
		053B529F21E5025C003AABFC /* ShopifyMobileApplicationTests.swift in Sources */ = {isa = PBXBuildFile; fileRef = 053B529E21E5025C003AABFC /* ShopifyMobileApplicationTests.swift */; };
		053B52AA21E5025C003AABFC /* ShopifyMobileApplicationUITests.swift in Sources */ = {isa = PBXBuildFile; fileRef = 053B52A921E5025C003AABFC /* ShopifyMobileApplicationUITests.swift */; };
		05A855AF21E50BC200485E2C /* CollectionsTableViewController.swift in Sources */ = {isa = PBXBuildFile; fileRef = 05A855AE21E50BC200485E2C /* CollectionsTableViewController.swift */; };
		36853A10E719D6C53145E354 /* Pods_ShopifyMobileApplication.framework in Frameworks */ = {isa = PBXBuildFile; fileRef = D0530AF9C5C2949F476B7EB8 /* Pods_ShopifyMobileApplication.framework */; };
		71A7C652D135BE79474BBA86 /* Pods_ShopifyMobileApplicationUITests.framework in Frameworks */ = {isa = PBXBuildFile; fileRef = 404A5BFA398C0200B10E8B43 /* Pods_ShopifyMobileApplicationUITests.framework */; };
		D90C2AB3EC96BFD2D99D5CAE /* Pods_ShopifyMobileApplicationTests.framework in Frameworks */ = {isa = PBXBuildFile; fileRef = 6410277062A00CC7EDBDEBEE /* Pods_ShopifyMobileApplicationTests.framework */; };
/* End PBXBuildFile section */

/* Begin PBXContainerItemProxy section */
		053B529B21E5025C003AABFC /* PBXContainerItemProxy */ = {
			isa = PBXContainerItemProxy;
			containerPortal = 053B527A21E5025A003AABFC /* Project object */;
			proxyType = 1;
			remoteGlobalIDString = 053B528121E5025A003AABFC;
			remoteInfo = ShopifyMobileApplication;
		};
		053B52A621E5025C003AABFC /* PBXContainerItemProxy */ = {
			isa = PBXContainerItemProxy;
			containerPortal = 053B527A21E5025A003AABFC /* Project object */;
			proxyType = 1;
			remoteGlobalIDString = 053B528121E5025A003AABFC;
			remoteInfo = ShopifyMobileApplication;
		};
/* End PBXContainerItemProxy section */

/* Begin PBXFileReference section */
		0501894E21EA8C16009B48D0 /* CollectionsTableViewCell.swift */ = {isa = PBXFileReference; lastKnownFileType = sourcecode.swift; path = CollectionsTableViewCell.swift; sourceTree = "<group>"; };
		0501895221EAB6A0009B48D0 /* Collection.swift */ = {isa = PBXFileReference; lastKnownFileType = sourcecode.swift; path = Collection.swift; sourceTree = "<group>"; };
		0501895421EBB763009B48D0 /* Product.swift */ = {isa = PBXFileReference; lastKnownFileType = sourcecode.swift; path = Product.swift; sourceTree = "<group>"; };
		0501895621EBB780009B48D0 /* Variant.swift */ = {isa = PBXFileReference; lastKnownFileType = sourcecode.swift; path = Variant.swift; sourceTree = "<group>"; };
		0501895821EBC2F9009B48D0 /* ProductTableViewController.swift */ = {isa = PBXFileReference; lastKnownFileType = sourcecode.swift; path = ProductTableViewController.swift; sourceTree = "<group>"; };
		0501895A21EBC30C009B48D0 /* VariantTableViewController.swift */ = {isa = PBXFileReference; lastKnownFileType = sourcecode.swift; path = VariantTableViewController.swift; sourceTree = "<group>"; };
		0501895C21EBC3EC009B48D0 /* ProductCollectionTableViewCell.swift */ = {isa = PBXFileReference; lastKnownFileType = sourcecode.swift; path = ProductCollectionTableViewCell.swift; sourceTree = "<group>"; };
		0501895E21EBC419009B48D0 /* ProductTableViewCell.swift */ = {isa = PBXFileReference; lastKnownFileType = sourcecode.swift; path = ProductTableViewCell.swift; sourceTree = "<group>"; };
		0501896221EBC446009B48D0 /* VariantTableViewCell.swift */ = {isa = PBXFileReference; lastKnownFileType = sourcecode.swift; path = VariantTableViewCell.swift; sourceTree = "<group>"; };
		053B528221E5025A003AABFC /* ShopifyMobileApplication.app */ = {isa = PBXFileReference; explicitFileType = wrapper.application; includeInIndex = 0; path = ShopifyMobileApplication.app; sourceTree = BUILT_PRODUCTS_DIR; };
		053B528521E5025A003AABFC /* AppDelegate.swift */ = {isa = PBXFileReference; lastKnownFileType = sourcecode.swift; path = AppDelegate.swift; sourceTree = "<group>"; };
		053B528E21E5025A003AABFC /* Base */ = {isa = PBXFileReference; lastKnownFileType = file.storyboard; name = Base; path = Base.lproj/Main.storyboard; sourceTree = "<group>"; };
		053B529021E5025C003AABFC /* Assets.xcassets */ = {isa = PBXFileReference; lastKnownFileType = folder.assetcatalog; path = Assets.xcassets; sourceTree = "<group>"; };
		053B529321E5025C003AABFC /* Base */ = {isa = PBXFileReference; lastKnownFileType = file.storyboard; name = Base; path = Base.lproj/LaunchScreen.storyboard; sourceTree = "<group>"; };
		053B529521E5025C003AABFC /* Info.plist */ = {isa = PBXFileReference; lastKnownFileType = text.plist.xml; path = Info.plist; sourceTree = "<group>"; };
		053B529A21E5025C003AABFC /* ShopifyMobileApplicationTests.xctest */ = {isa = PBXFileReference; explicitFileType = wrapper.cfbundle; includeInIndex = 0; path = ShopifyMobileApplicationTests.xctest; sourceTree = BUILT_PRODUCTS_DIR; };
		053B529E21E5025C003AABFC /* ShopifyMobileApplicationTests.swift */ = {isa = PBXFileReference; lastKnownFileType = sourcecode.swift; path = ShopifyMobileApplicationTests.swift; sourceTree = "<group>"; };
		053B52A021E5025C003AABFC /* Info.plist */ = {isa = PBXFileReference; lastKnownFileType = text.plist.xml; path = Info.plist; sourceTree = "<group>"; };
		053B52A521E5025C003AABFC /* ShopifyMobileApplicationUITests.xctest */ = {isa = PBXFileReference; explicitFileType = wrapper.cfbundle; includeInIndex = 0; path = ShopifyMobileApplicationUITests.xctest; sourceTree = BUILT_PRODUCTS_DIR; };
		053B52A921E5025C003AABFC /* ShopifyMobileApplicationUITests.swift */ = {isa = PBXFileReference; lastKnownFileType = sourcecode.swift; path = ShopifyMobileApplicationUITests.swift; sourceTree = "<group>"; };
		053B52AB21E5025C003AABFC /* Info.plist */ = {isa = PBXFileReference; lastKnownFileType = text.plist.xml; path = Info.plist; sourceTree = "<group>"; };
		05A855AE21E50BC200485E2C /* CollectionsTableViewController.swift */ = {isa = PBXFileReference; lastKnownFileType = sourcecode.swift; name = CollectionsTableViewController.swift; path = /Users/tombahen/Documents/work/ShopifyApplication/ShopifyMobileApplication/ShopifyMobileApplication/CollectionsTableViewController.swift; sourceTree = "<absolute>"; };
		14220738D3B3755B3169ACCE /* Pods-ShopifyMobileApplicationTests.release.xcconfig */ = {isa = PBXFileReference; includeInIndex = 1; lastKnownFileType = text.xcconfig; name = "Pods-ShopifyMobileApplicationTests.release.xcconfig"; path = "Pods/Target Support Files/Pods-ShopifyMobileApplicationTests/Pods-ShopifyMobileApplicationTests.release.xcconfig"; sourceTree = "<group>"; };
		404A5BFA398C0200B10E8B43 /* Pods_ShopifyMobileApplicationUITests.framework */ = {isa = PBXFileReference; explicitFileType = wrapper.framework; includeInIndex = 0; path = Pods_ShopifyMobileApplicationUITests.framework; sourceTree = BUILT_PRODUCTS_DIR; };
		40E143DF905BBC06A36056BF /* Pods-ShopifyMobileApplicationTests.debug.xcconfig */ = {isa = PBXFileReference; includeInIndex = 1; lastKnownFileType = text.xcconfig; name = "Pods-ShopifyMobileApplicationTests.debug.xcconfig"; path = "Pods/Target Support Files/Pods-ShopifyMobileApplicationTests/Pods-ShopifyMobileApplicationTests.debug.xcconfig"; sourceTree = "<group>"; };
		6410277062A00CC7EDBDEBEE /* Pods_ShopifyMobileApplicationTests.framework */ = {isa = PBXFileReference; explicitFileType = wrapper.framework; includeInIndex = 0; path = Pods_ShopifyMobileApplicationTests.framework; sourceTree = BUILT_PRODUCTS_DIR; };
		786B3D7EF25BC5AE095CC42C /* Pods-ShopifyMobileApplicationUITests.release.xcconfig */ = {isa = PBXFileReference; includeInIndex = 1; lastKnownFileType = text.xcconfig; name = "Pods-ShopifyMobileApplicationUITests.release.xcconfig"; path = "Pods/Target Support Files/Pods-ShopifyMobileApplicationUITests/Pods-ShopifyMobileApplicationUITests.release.xcconfig"; sourceTree = "<group>"; };
		7DCD0E7214218CF0F3C4D033 /* Pods-ShopifyMobileApplication.release.xcconfig */ = {isa = PBXFileReference; includeInIndex = 1; lastKnownFileType = text.xcconfig; name = "Pods-ShopifyMobileApplication.release.xcconfig"; path = "Pods/Target Support Files/Pods-ShopifyMobileApplication/Pods-ShopifyMobileApplication.release.xcconfig"; sourceTree = "<group>"; };
		9EF90089AD058EBA722F4A80 /* Pods-ShopifyMobileApplicationUITests.debug.xcconfig */ = {isa = PBXFileReference; includeInIndex = 1; lastKnownFileType = text.xcconfig; name = "Pods-ShopifyMobileApplicationUITests.debug.xcconfig"; path = "Pods/Target Support Files/Pods-ShopifyMobileApplicationUITests/Pods-ShopifyMobileApplicationUITests.debug.xcconfig"; sourceTree = "<group>"; };
		BF8749863521CDE07C3D77CA /* Pods-ShopifyMobileApplication.debug.xcconfig */ = {isa = PBXFileReference; includeInIndex = 1; lastKnownFileType = text.xcconfig; name = "Pods-ShopifyMobileApplication.debug.xcconfig"; path = "Pods/Target Support Files/Pods-ShopifyMobileApplication/Pods-ShopifyMobileApplication.debug.xcconfig"; sourceTree = "<group>"; };
		D0530AF9C5C2949F476B7EB8 /* Pods_ShopifyMobileApplication.framework */ = {isa = PBXFileReference; explicitFileType = wrapper.framework; includeInIndex = 0; path = Pods_ShopifyMobileApplication.framework; sourceTree = BUILT_PRODUCTS_DIR; };
/* End PBXFileReference section */

/* Begin PBXFrameworksBuildPhase section */
		053B527F21E5025A003AABFC /* Frameworks */ = {
			isa = PBXFrameworksBuildPhase;
			buildActionMask = 2147483647;
			files = (
				36853A10E719D6C53145E354 /* Pods_ShopifyMobileApplication.framework in Frameworks */,
			);
			runOnlyForDeploymentPostprocessing = 0;
		};
		053B529721E5025C003AABFC /* Frameworks */ = {
			isa = PBXFrameworksBuildPhase;
			buildActionMask = 2147483647;
			files = (
				D90C2AB3EC96BFD2D99D5CAE /* Pods_ShopifyMobileApplicationTests.framework in Frameworks */,
			);
			runOnlyForDeploymentPostprocessing = 0;
		};
		053B52A221E5025C003AABFC /* Frameworks */ = {
			isa = PBXFrameworksBuildPhase;
			buildActionMask = 2147483647;
			files = (
				71A7C652D135BE79474BBA86 /* Pods_ShopifyMobileApplicationUITests.framework in Frameworks */,
			);
			runOnlyForDeploymentPostprocessing = 0;
		};
/* End PBXFrameworksBuildPhase section */

/* Begin PBXGroup section */
		0501895021EA8C20009B48D0 /* View */ = {
			isa = PBXGroup;
			children = (
				0501894E21EA8C16009B48D0 /* CollectionsTableViewCell.swift */,
				0501895C21EBC3EC009B48D0 /* ProductCollectionTableViewCell.swift */,
				0501895E21EBC419009B48D0 /* ProductTableViewCell.swift */,
				0501896221EBC446009B48D0 /* VariantTableViewCell.swift */,
			);
			path = View;
			sourceTree = "<group>";
		};
		0501895121EAB650009B48D0 /* Model */ = {
			isa = PBXGroup;
			children = (
				0501895221EAB6A0009B48D0 /* Collection.swift */,
				0501895421EBB763009B48D0 /* Product.swift */,
				0501895621EBB780009B48D0 /* Variant.swift */,
			);
			path = Model;
			sourceTree = "<group>";
		};
		053B527921E5025A003AABFC = {
			isa = PBXGroup;
			children = (
				053B528421E5025A003AABFC /* ShopifyMobileApplication */,
				053B529D21E5025C003AABFC /* ShopifyMobileApplicationTests */,
				053B52A821E5025C003AABFC /* ShopifyMobileApplicationUITests */,
				053B528321E5025A003AABFC /* Products */,
				E0C8830A62BC9F42BE0A44F6 /* Pods */,
				4FBCC2AB7B20F44BAABB5C64 /* Frameworks */,
			);
			sourceTree = "<group>";
		};
		053B528321E5025A003AABFC /* Products */ = {
			isa = PBXGroup;
			children = (
				053B528221E5025A003AABFC /* ShopifyMobileApplication.app */,
				053B529A21E5025C003AABFC /* ShopifyMobileApplicationTests.xctest */,
				053B52A521E5025C003AABFC /* ShopifyMobileApplicationUITests.xctest */,
			);
			name = Products;
			sourceTree = "<group>";
		};
		053B528421E5025A003AABFC /* ShopifyMobileApplication */ = {
			isa = PBXGroup;
			children = (
				0501895021EA8C20009B48D0 /* View */,
				053B529521E5025C003AABFC /* Info.plist */,
				05A855B121E5358A00485E2C /* Misc */,
				0501895121EAB650009B48D0 /* Model */,
				05A855B021E5353400485E2C /* Controllers */,
				053B528D21E5025A003AABFC /* Main.storyboard */,
			);
			path = ShopifyMobileApplication;
			sourceTree = "<group>";
		};
		053B529D21E5025C003AABFC /* ShopifyMobileApplicationTests */ = {
			isa = PBXGroup;
			children = (
				053B529E21E5025C003AABFC /* ShopifyMobileApplicationTests.swift */,
				053B52A021E5025C003AABFC /* Info.plist */,
			);
			path = ShopifyMobileApplicationTests;
			sourceTree = "<group>";
		};
		053B52A821E5025C003AABFC /* ShopifyMobileApplicationUITests */ = {
			isa = PBXGroup;
			children = (
				053B52A921E5025C003AABFC /* ShopifyMobileApplicationUITests.swift */,
				053B52AB21E5025C003AABFC /* Info.plist */,
			);
			path = ShopifyMobileApplicationUITests;
			sourceTree = "<group>";
		};
		05A855B021E5353400485E2C /* Controllers */ = {
			isa = PBXGroup;
			children = (
				05A855AE21E50BC200485E2C /* CollectionsTableViewController.swift */,
				0501895821EBC2F9009B48D0 /* ProductTableViewController.swift */,
				0501895A21EBC30C009B48D0 /* VariantTableViewController.swift */,
			);
			path = Controllers;
			sourceTree = "<group>";
		};
		05A855B121E5358A00485E2C /* Misc */ = {
			isa = PBXGroup;
			children = (
				053B528521E5025A003AABFC /* AppDelegate.swift */,
				053B529021E5025C003AABFC /* Assets.xcassets */,
				053B529221E5025C003AABFC /* LaunchScreen.storyboard */,
			);
			path = Misc;
			sourceTree = "<group>";
		};
		4FBCC2AB7B20F44BAABB5C64 /* Frameworks */ = {
			isa = PBXGroup;
			children = (
				D0530AF9C5C2949F476B7EB8 /* Pods_ShopifyMobileApplication.framework */,
				6410277062A00CC7EDBDEBEE /* Pods_ShopifyMobileApplicationTests.framework */,
				404A5BFA398C0200B10E8B43 /* Pods_ShopifyMobileApplicationUITests.framework */,
			);
			name = Frameworks;
			sourceTree = "<group>";
		};
		E0C8830A62BC9F42BE0A44F6 /* Pods */ = {
			isa = PBXGroup;
			children = (
				BF8749863521CDE07C3D77CA /* Pods-ShopifyMobileApplication.debug.xcconfig */,
				7DCD0E7214218CF0F3C4D033 /* Pods-ShopifyMobileApplication.release.xcconfig */,
				40E143DF905BBC06A36056BF /* Pods-ShopifyMobileApplicationTests.debug.xcconfig */,
				14220738D3B3755B3169ACCE /* Pods-ShopifyMobileApplicationTests.release.xcconfig */,
				9EF90089AD058EBA722F4A80 /* Pods-ShopifyMobileApplicationUITests.debug.xcconfig */,
				786B3D7EF25BC5AE095CC42C /* Pods-ShopifyMobileApplicationUITests.release.xcconfig */,
			);
			name = Pods;
			sourceTree = "<group>";
		};
/* End PBXGroup section */

/* Begin PBXNativeTarget section */
		053B528121E5025A003AABFC /* ShopifyMobileApplication */ = {
			isa = PBXNativeTarget;
			buildConfigurationList = 053B52AE21E5025C003AABFC /* Build configuration list for PBXNativeTarget "ShopifyMobileApplication" */;
			buildPhases = (
				B059694CF720C2746A9825F9 /* [CP] Check Pods Manifest.lock */,
				053B527E21E5025A003AABFC /* Sources */,
				053B527F21E5025A003AABFC /* Frameworks */,
				053B528021E5025A003AABFC /* Resources */,
				2F48C73E03282E4743B1009A /* [CP] Embed Pods Frameworks */,
			);
			buildRules = (
			);
			dependencies = (
			);
			name = ShopifyMobileApplication;
			productName = ShopifyMobileApplication;
			productReference = 053B528221E5025A003AABFC /* ShopifyMobileApplication.app */;
			productType = "com.apple.product-type.application";
		};
		053B529921E5025C003AABFC /* ShopifyMobileApplicationTests */ = {
			isa = PBXNativeTarget;
			buildConfigurationList = 053B52B121E5025C003AABFC /* Build configuration list for PBXNativeTarget "ShopifyMobileApplicationTests" */;
			buildPhases = (
				BC6C725CDEEDBAC4DBE53F14 /* [CP] Check Pods Manifest.lock */,
				053B529621E5025C003AABFC /* Sources */,
				053B529721E5025C003AABFC /* Frameworks */,
				053B529821E5025C003AABFC /* Resources */,
			);
			buildRules = (
			);
			dependencies = (
				053B529C21E5025C003AABFC /* PBXTargetDependency */,
			);
			name = ShopifyMobileApplicationTests;
			productName = ShopifyMobileApplicationTests;
			productReference = 053B529A21E5025C003AABFC /* ShopifyMobileApplicationTests.xctest */;
			productType = "com.apple.product-type.bundle.unit-test";
		};
		053B52A421E5025C003AABFC /* ShopifyMobileApplicationUITests */ = {
			isa = PBXNativeTarget;
			buildConfigurationList = 053B52B421E5025C003AABFC /* Build configuration list for PBXNativeTarget "ShopifyMobileApplicationUITests" */;
			buildPhases = (
				17CAAC64E109942FD1B2A6D2 /* [CP] Check Pods Manifest.lock */,
				053B52A121E5025C003AABFC /* Sources */,
				053B52A221E5025C003AABFC /* Frameworks */,
				053B52A321E5025C003AABFC /* Resources */,
			);
			buildRules = (
			);
			dependencies = (
				053B52A721E5025C003AABFC /* PBXTargetDependency */,
			);
			name = ShopifyMobileApplicationUITests;
			productName = ShopifyMobileApplicationUITests;
			productReference = 053B52A521E5025C003AABFC /* ShopifyMobileApplicationUITests.xctest */;
			productType = "com.apple.product-type.bundle.ui-testing";
		};
/* End PBXNativeTarget section */

/* Begin PBXProject section */
		053B527A21E5025A003AABFC /* Project object */ = {
			isa = PBXProject;
			attributes = {
				LastSwiftUpdateCheck = 1010;
				LastUpgradeCheck = 1010;
				ORGANIZATIONNAME = "Tom  Bahen";
				TargetAttributes = {
					053B528121E5025A003AABFC = {
						CreatedOnToolsVersion = 10.1;
					};
					053B529921E5025C003AABFC = {
						CreatedOnToolsVersion = 10.1;
						TestTargetID = 053B528121E5025A003AABFC;
					};
					053B52A421E5025C003AABFC = {
						CreatedOnToolsVersion = 10.1;
						TestTargetID = 053B528121E5025A003AABFC;
					};
				};
			};
			buildConfigurationList = 053B527D21E5025A003AABFC /* Build configuration list for PBXProject "ShopifyMobileApplication" */;
			compatibilityVersion = "Xcode 9.3";
			developmentRegion = en;
			hasScannedForEncodings = 0;
			knownRegions = (
				en,
				Base,
			);
			mainGroup = 053B527921E5025A003AABFC;
			productRefGroup = 053B528321E5025A003AABFC /* Products */;
			projectDirPath = "";
			projectRoot = "";
			targets = (
				053B528121E5025A003AABFC /* ShopifyMobileApplication */,
				053B529921E5025C003AABFC /* ShopifyMobileApplicationTests */,
				053B52A421E5025C003AABFC /* ShopifyMobileApplicationUITests */,
			);
		};
/* End PBXProject section */

/* Begin PBXResourcesBuildPhase section */
		053B528021E5025A003AABFC /* Resources */ = {
			isa = PBXResourcesBuildPhase;
			buildActionMask = 2147483647;
			files = (
				053B529421E5025C003AABFC /* LaunchScreen.storyboard in Resources */,
				053B529121E5025C003AABFC /* Assets.xcassets in Resources */,
				053B528F21E5025A003AABFC /* Main.storyboard in Resources */,
			);
			runOnlyForDeploymentPostprocessing = 0;
		};
		053B529821E5025C003AABFC /* Resources */ = {
			isa = PBXResourcesBuildPhase;
			buildActionMask = 2147483647;
			files = (
			);
			runOnlyForDeploymentPostprocessing = 0;
		};
		053B52A321E5025C003AABFC /* Resources */ = {
			isa = PBXResourcesBuildPhase;
			buildActionMask = 2147483647;
			files = (
			);
			runOnlyForDeploymentPostprocessing = 0;
		};
/* End PBXResourcesBuildPhase section */

/* Begin PBXShellScriptBuildPhase section */
		17CAAC64E109942FD1B2A6D2 /* [CP] Check Pods Manifest.lock */ = {
			isa = PBXShellScriptBuildPhase;
			buildActionMask = 2147483647;
			files = (
			);
			inputFileListPaths = (
			);
			inputPaths = (
				"${PODS_PODFILE_DIR_PATH}/Podfile.lock",
				"${PODS_ROOT}/Manifest.lock",
			);
			name = "[CP] Check Pods Manifest.lock";
			outputFileListPaths = (
			);
			outputPaths = (
				"$(DERIVED_FILE_DIR)/Pods-ShopifyMobileApplicationUITests-checkManifestLockResult.txt",
			);
			runOnlyForDeploymentPostprocessing = 0;
			shellPath = /bin/sh;
			shellScript = "diff \"${PODS_PODFILE_DIR_PATH}/Podfile.lock\" \"${PODS_ROOT}/Manifest.lock\" > /dev/null\nif [ $? != 0 ] ; then\n    # print error to STDERR\n    echo \"error: The sandbox is not in sync with the Podfile.lock. Run 'pod install' or update your CocoaPods installation.\" >&2\n    exit 1\nfi\n# This output is used by Xcode 'outputs' to avoid re-running this script phase.\necho \"SUCCESS\" > \"${SCRIPT_OUTPUT_FILE_0}\"\n";
			showEnvVarsInLog = 0;
		};
		2F48C73E03282E4743B1009A /* [CP] Embed Pods Frameworks */ = {
			isa = PBXShellScriptBuildPhase;
			buildActionMask = 2147483647;
			files = (
			);
			inputFileListPaths = (
			);
			inputPaths = (
				"${SRCROOT}/Pods/Target Support Files/Pods-ShopifyMobileApplication/Pods-ShopifyMobileApplication-frameworks.sh",
				"${BUILT_PRODUCTS_DIR}/Alamofire/Alamofire.framework",
				"${BUILT_PRODUCTS_DIR}/AlamofireImage/AlamofireImage.framework",
				"${BUILT_PRODUCTS_DIR}/PromiseKit/PromiseKit.framework",
				"${BUILT_PRODUCTS_DIR}/SwiftyJSON/SwiftyJSON.framework",
			);
			name = "[CP] Embed Pods Frameworks";
			outputFileListPaths = (
			);
			outputPaths = (
				"${TARGET_BUILD_DIR}/${FRAMEWORKS_FOLDER_PATH}/Alamofire.framework",
				"${TARGET_BUILD_DIR}/${FRAMEWORKS_FOLDER_PATH}/AlamofireImage.framework",
				"${TARGET_BUILD_DIR}/${FRAMEWORKS_FOLDER_PATH}/PromiseKit.framework",
				"${TARGET_BUILD_DIR}/${FRAMEWORKS_FOLDER_PATH}/SwiftyJSON.framework",
			);
			runOnlyForDeploymentPostprocessing = 0;
			shellPath = /bin/sh;
			shellScript = "\"${SRCROOT}/Pods/Target Support Files/Pods-ShopifyMobileApplication/Pods-ShopifyMobileApplication-frameworks.sh\"\n";
			showEnvVarsInLog = 0;
		};
		B059694CF720C2746A9825F9 /* [CP] Check Pods Manifest.lock */ = {
			isa = PBXShellScriptBuildPhase;
			buildActionMask = 2147483647;
			files = (
			);
			inputFileListPaths = (
			);
			inputPaths = (
				"${PODS_PODFILE_DIR_PATH}/Podfile.lock",
				"${PODS_ROOT}/Manifest.lock",
			);
			name = "[CP] Check Pods Manifest.lock";
			outputFileListPaths = (
			);
			outputPaths = (
				"$(DERIVED_FILE_DIR)/Pods-ShopifyMobileApplication-checkManifestLockResult.txt",
			);
			runOnlyForDeploymentPostprocessing = 0;
			shellPath = /bin/sh;
			shellScript = "diff \"${PODS_PODFILE_DIR_PATH}/Podfile.lock\" \"${PODS_ROOT}/Manifest.lock\" > /dev/null\nif [ $? != 0 ] ; then\n    # print error to STDERR\n    echo \"error: The sandbox is not in sync with the Podfile.lock. Run 'pod install' or update your CocoaPods installation.\" >&2\n    exit 1\nfi\n# This output is used by Xcode 'outputs' to avoid re-running this script phase.\necho \"SUCCESS\" > \"${SCRIPT_OUTPUT_FILE_0}\"\n";
			showEnvVarsInLog = 0;
		};
		BC6C725CDEEDBAC4DBE53F14 /* [CP] Check Pods Manifest.lock */ = {
			isa = PBXShellScriptBuildPhase;
			buildActionMask = 2147483647;
			files = (
			);
			inputFileListPaths = (
			);
			inputPaths = (
				"${PODS_PODFILE_DIR_PATH}/Podfile.lock",
				"${PODS_ROOT}/Manifest.lock",
			);
			name = "[CP] Check Pods Manifest.lock";
			outputFileListPaths = (
			);
			outputPaths = (
				"$(DERIVED_FILE_DIR)/Pods-ShopifyMobileApplicationTests-checkManifestLockResult.txt",
			);
			runOnlyForDeploymentPostprocessing = 0;
			shellPath = /bin/sh;
			shellScript = "diff \"${PODS_PODFILE_DIR_PATH}/Podfile.lock\" \"${PODS_ROOT}/Manifest.lock\" > /dev/null\nif [ $? != 0 ] ; then\n    # print error to STDERR\n    echo \"error: The sandbox is not in sync with the Podfile.lock. Run 'pod install' or update your CocoaPods installation.\" >&2\n    exit 1\nfi\n# This output is used by Xcode 'outputs' to avoid re-running this script phase.\necho \"SUCCESS\" > \"${SCRIPT_OUTPUT_FILE_0}\"\n";
			showEnvVarsInLog = 0;
		};
/* End PBXShellScriptBuildPhase section */

/* Begin PBXSourcesBuildPhase section */
		053B527E21E5025A003AABFC /* Sources */ = {
			isa = PBXSourcesBuildPhase;
			buildActionMask = 2147483647;
			files = (
				05A855AF21E50BC200485E2C /* CollectionsTableViewController.swift in Sources */,
				053B528621E5025A003AABFC /* AppDelegate.swift in Sources */,
				0501895521EBB763009B48D0 /* Product.swift in Sources */,
				0501895721EBB780009B48D0 /* Variant.swift in Sources */,
				0501894F21EA8C16009B48D0 /* CollectionsTableViewCell.swift in Sources */,
				0501895921EBC2F9009B48D0 /* ProductTableViewController.swift in Sources */,
				0501895B21EBC30C009B48D0 /* VariantTableViewController.swift in Sources */,
				0501895F21EBC419009B48D0 /* ProductTableViewCell.swift in Sources */,
				0501895D21EBC3EC009B48D0 /* ProductCollectionTableViewCell.swift in Sources */,
				0501896321EBC446009B48D0 /* VariantTableViewCell.swift in Sources */,
				0501895321EAB6A0009B48D0 /* Collection.swift in Sources */,
			);
			runOnlyForDeploymentPostprocessing = 0;
		};
		053B529621E5025C003AABFC /* Sources */ = {
			isa = PBXSourcesBuildPhase;
			buildActionMask = 2147483647;
			files = (
				053B529F21E5025C003AABFC /* ShopifyMobileApplicationTests.swift in Sources */,
			);
			runOnlyForDeploymentPostprocessing = 0;
		};
		053B52A121E5025C003AABFC /* Sources */ = {
			isa = PBXSourcesBuildPhase;
			buildActionMask = 2147483647;
			files = (
				053B52AA21E5025C003AABFC /* ShopifyMobileApplicationUITests.swift in Sources */,
			);
			runOnlyForDeploymentPostprocessing = 0;
		};
/* End PBXSourcesBuildPhase section */

/* Begin PBXTargetDependency section */
		053B529C21E5025C003AABFC /* PBXTargetDependency */ = {
			isa = PBXTargetDependency;
			target = 053B528121E5025A003AABFC /* ShopifyMobileApplication */;
			targetProxy = 053B529B21E5025C003AABFC /* PBXContainerItemProxy */;
		};
		053B52A721E5025C003AABFC /* PBXTargetDependency */ = {
			isa = PBXTargetDependency;
			target = 053B528121E5025A003AABFC /* ShopifyMobileApplication */;
			targetProxy = 053B52A621E5025C003AABFC /* PBXContainerItemProxy */;
		};
/* End PBXTargetDependency section */

/* Begin PBXVariantGroup section */
		053B528D21E5025A003AABFC /* Main.storyboard */ = {
			isa = PBXVariantGroup;
			children = (
				053B528E21E5025A003AABFC /* Base */,
			);
			name = Main.storyboard;
			sourceTree = "<group>";
		};
		053B529221E5025C003AABFC /* LaunchScreen.storyboard */ = {
			isa = PBXVariantGroup;
			children = (
				053B529321E5025C003AABFC /* Base */,
			);
			name = LaunchScreen.storyboard;
			sourceTree = "<group>";
		};
/* End PBXVariantGroup section */

/* Begin XCBuildConfiguration section */
		053B52AC21E5025C003AABFC /* Debug */ = {
			isa = XCBuildConfiguration;
			buildSettings = {
				ALWAYS_SEARCH_USER_PATHS = NO;
				CLANG_ANALYZER_NONNULL = YES;
				CLANG_ANALYZER_NUMBER_OBJECT_CONVERSION = YES_AGGRESSIVE;
				CLANG_CXX_LANGUAGE_STANDARD = "gnu++14";
				CLANG_CXX_LIBRARY = "libc++";
				CLANG_ENABLE_MODULES = YES;
				CLANG_ENABLE_OBJC_ARC = YES;
				CLANG_ENABLE_OBJC_WEAK = YES;
				CLANG_WARN_BLOCK_CAPTURE_AUTORELEASING = YES;
				CLANG_WARN_BOOL_CONVERSION = YES;
				CLANG_WARN_COMMA = YES;
				CLANG_WARN_CONSTANT_CONVERSION = YES;
				CLANG_WARN_DEPRECATED_OBJC_IMPLEMENTATIONS = YES;
				CLANG_WARN_DIRECT_OBJC_ISA_USAGE = YES_ERROR;
				CLANG_WARN_DOCUMENTATION_COMMENTS = YES;
				CLANG_WARN_EMPTY_BODY = YES;
				CLANG_WARN_ENUM_CONVERSION = YES;
				CLANG_WARN_INFINITE_RECURSION = YES;
				CLANG_WARN_INT_CONVERSION = YES;
				CLANG_WARN_NON_LITERAL_NULL_CONVERSION = YES;
				CLANG_WARN_OBJC_IMPLICIT_RETAIN_SELF = YES;
				CLANG_WARN_OBJC_LITERAL_CONVERSION = YES;
				CLANG_WARN_OBJC_ROOT_CLASS = YES_ERROR;
				CLANG_WARN_RANGE_LOOP_ANALYSIS = YES;
				CLANG_WARN_STRICT_PROTOTYPES = YES;
				CLANG_WARN_SUSPICIOUS_MOVE = YES;
				CLANG_WARN_UNGUARDED_AVAILABILITY = YES_AGGRESSIVE;
				CLANG_WARN_UNREACHABLE_CODE = YES;
				CLANG_WARN__DUPLICATE_METHOD_MATCH = YES;
				CODE_SIGN_IDENTITY = "iPhone Developer";
				COPY_PHASE_STRIP = NO;
				DEBUG_INFORMATION_FORMAT = dwarf;
				ENABLE_STRICT_OBJC_MSGSEND = YES;
				ENABLE_TESTABILITY = YES;
				GCC_C_LANGUAGE_STANDARD = gnu11;
				GCC_DYNAMIC_NO_PIC = NO;
				GCC_NO_COMMON_BLOCKS = YES;
				GCC_OPTIMIZATION_LEVEL = 0;
				GCC_PREPROCESSOR_DEFINITIONS = (
					"DEBUG=1",
					"$(inherited)",
				);
				GCC_WARN_64_TO_32_BIT_CONVERSION = YES;
				GCC_WARN_ABOUT_RETURN_TYPE = YES_ERROR;
				GCC_WARN_UNDECLARED_SELECTOR = YES;
				GCC_WARN_UNINITIALIZED_AUTOS = YES_AGGRESSIVE;
				GCC_WARN_UNUSED_FUNCTION = YES;
				GCC_WARN_UNUSED_VARIABLE = YES;
				IPHONEOS_DEPLOYMENT_TARGET = 12.1;
				MTL_ENABLE_DEBUG_INFO = INCLUDE_SOURCE;
				MTL_FAST_MATH = YES;
				ONLY_ACTIVE_ARCH = YES;
				SDKROOT = iphoneos;
				SWIFT_ACTIVE_COMPILATION_CONDITIONS = DEBUG;
				SWIFT_OPTIMIZATION_LEVEL = "-Onone";
			};
			name = Debug;
		};
		053B52AD21E5025C003AABFC /* Release */ = {
			isa = XCBuildConfiguration;
			buildSettings = {
				ALWAYS_SEARCH_USER_PATHS = NO;
				CLANG_ANALYZER_NONNULL = YES;
				CLANG_ANALYZER_NUMBER_OBJECT_CONVERSION = YES_AGGRESSIVE;
				CLANG_CXX_LANGUAGE_STANDARD = "gnu++14";
				CLANG_CXX_LIBRARY = "libc++";
				CLANG_ENABLE_MODULES = YES;
				CLANG_ENABLE_OBJC_ARC = YES;
				CLANG_ENABLE_OBJC_WEAK = YES;
				CLANG_WARN_BLOCK_CAPTURE_AUTORELEASING = YES;
				CLANG_WARN_BOOL_CONVERSION = YES;
				CLANG_WARN_COMMA = YES;
				CLANG_WARN_CONSTANT_CONVERSION = YES;
				CLANG_WARN_DEPRECATED_OBJC_IMPLEMENTATIONS = YES;
				CLANG_WARN_DIRECT_OBJC_ISA_USAGE = YES_ERROR;
				CLANG_WARN_DOCUMENTATION_COMMENTS = YES;
				CLANG_WARN_EMPTY_BODY = YES;
				CLANG_WARN_ENUM_CONVERSION = YES;
				CLANG_WARN_INFINITE_RECURSION = YES;
				CLANG_WARN_INT_CONVERSION = YES;
				CLANG_WARN_NON_LITERAL_NULL_CONVERSION = YES;
				CLANG_WARN_OBJC_IMPLICIT_RETAIN_SELF = YES;
				CLANG_WARN_OBJC_LITERAL_CONVERSION = YES;
				CLANG_WARN_OBJC_ROOT_CLASS = YES_ERROR;
				CLANG_WARN_RANGE_LOOP_ANALYSIS = YES;
				CLANG_WARN_STRICT_PROTOTYPES = YES;
				CLANG_WARN_SUSPICIOUS_MOVE = YES;
				CLANG_WARN_UNGUARDED_AVAILABILITY = YES_AGGRESSIVE;
				CLANG_WARN_UNREACHABLE_CODE = YES;
				CLANG_WARN__DUPLICATE_METHOD_MATCH = YES;
				CODE_SIGN_IDENTITY = "iPhone Developer";
				COPY_PHASE_STRIP = NO;
				DEBUG_INFORMATION_FORMAT = "dwarf-with-dsym";
				ENABLE_NS_ASSERTIONS = NO;
				ENABLE_STRICT_OBJC_MSGSEND = YES;
				GCC_C_LANGUAGE_STANDARD = gnu11;
				GCC_NO_COMMON_BLOCKS = YES;
				GCC_WARN_64_TO_32_BIT_CONVERSION = YES;
				GCC_WARN_ABOUT_RETURN_TYPE = YES_ERROR;
				GCC_WARN_UNDECLARED_SELECTOR = YES;
				GCC_WARN_UNINITIALIZED_AUTOS = YES_AGGRESSIVE;
				GCC_WARN_UNUSED_FUNCTION = YES;
				GCC_WARN_UNUSED_VARIABLE = YES;
				IPHONEOS_DEPLOYMENT_TARGET = 12.1;
				MTL_ENABLE_DEBUG_INFO = NO;
				MTL_FAST_MATH = YES;
				SDKROOT = iphoneos;
				SWIFT_COMPILATION_MODE = wholemodule;
				SWIFT_OPTIMIZATION_LEVEL = "-O";
				VALIDATE_PRODUCT = YES;
			};
			name = Release;
		};
		053B52AF21E5025C003AABFC /* Debug */ = {
			isa = XCBuildConfiguration;
			baseConfigurationReference = BF8749863521CDE07C3D77CA /* Pods-ShopifyMobileApplication.debug.xcconfig */;
			buildSettings = {
				ASSETCATALOG_COMPILER_APPICON_NAME = AppIcon;
				CODE_SIGN_STYLE = Automatic;
				INFOPLIST_FILE = ShopifyMobileApplication/Info.plist;
				LD_RUNPATH_SEARCH_PATHS = (
					"$(inherited)",
					"@executable_path/Frameworks",
				);
				PRODUCT_BUNDLE_IDENTIFIER = thomasBahen.ShopifyMobileApplication;
				PRODUCT_NAME = "$(TARGET_NAME)";
				SWIFT_VERSION = 4.2;
				TARGETED_DEVICE_FAMILY = "1,2";
			};
			name = Debug;
		};
		053B52B021E5025C003AABFC /* Release */ = {
			isa = XCBuildConfiguration;
			baseConfigurationReference = 7DCD0E7214218CF0F3C4D033 /* Pods-ShopifyMobileApplication.release.xcconfig */;
			buildSettings = {
				ASSETCATALOG_COMPILER_APPICON_NAME = AppIcon;
				CODE_SIGN_STYLE = Automatic;
				INFOPLIST_FILE = ShopifyMobileApplication/Info.plist;
				LD_RUNPATH_SEARCH_PATHS = (
					"$(inherited)",
					"@executable_path/Frameworks",
				);
				PRODUCT_BUNDLE_IDENTIFIER = thomasBahen.ShopifyMobileApplication;
				PRODUCT_NAME = "$(TARGET_NAME)";
				SWIFT_VERSION = 4.2;
				TARGETED_DEVICE_FAMILY = "1,2";
			};
			name = Release;
		};
		053B52B221E5025C003AABFC /* Debug */ = {
			isa = XCBuildConfiguration;
			baseConfigurationReference = 40E143DF905BBC06A36056BF /* Pods-ShopifyMobileApplicationTests.debug.xcconfig */;
			buildSettings = {
				ALWAYS_EMBED_SWIFT_STANDARD_LIBRARIES = YES;
				BUNDLE_LOADER = "$(TEST_HOST)";
				CODE_SIGN_STYLE = Automatic;
				INFOPLIST_FILE = ShopifyMobileApplicationTests/Info.plist;
				LD_RUNPATH_SEARCH_PATHS = (
					"$(inherited)",
					"@executable_path/Frameworks",
					"@loader_path/Frameworks",
				);
				PRODUCT_BUNDLE_IDENTIFIER = thomasBahen.ShopifyMobileApplicationTests;
				PRODUCT_NAME = "$(TARGET_NAME)";
				SWIFT_VERSION = 4.2;
				TARGETED_DEVICE_FAMILY = "1,2";
				TEST_HOST = "$(BUILT_PRODUCTS_DIR)/ShopifyMobileApplication.app/ShopifyMobileApplication";
			};
			name = Debug;
		};
		053B52B321E5025C003AABFC /* Release */ = {
			isa = XCBuildConfiguration;
			baseConfigurationReference = 14220738D3B3755B3169ACCE /* Pods-ShopifyMobileApplicationTests.release.xcconfig */;
			buildSettings = {
				ALWAYS_EMBED_SWIFT_STANDARD_LIBRARIES = YES;
				BUNDLE_LOADER = "$(TEST_HOST)";
				CODE_SIGN_STYLE = Automatic;
				INFOPLIST_FILE = ShopifyMobileApplicationTests/Info.plist;
				LD_RUNPATH_SEARCH_PATHS = (
					"$(inherited)",
					"@executable_path/Frameworks",
					"@loader_path/Frameworks",
				);
				PRODUCT_BUNDLE_IDENTIFIER = thomasBahen.ShopifyMobileApplicationTests;
				PRODUCT_NAME = "$(TARGET_NAME)";
				SWIFT_VERSION = 4.2;
				TARGETED_DEVICE_FAMILY = "1,2";
				TEST_HOST = "$(BUILT_PRODUCTS_DIR)/ShopifyMobileApplication.app/ShopifyMobileApplication";
			};
			name = Release;
		};
		053B52B521E5025C003AABFC /* Debug */ = {
			isa = XCBuildConfiguration;
			baseConfigurationReference = 9EF90089AD058EBA722F4A80 /* Pods-ShopifyMobileApplicationUITests.debug.xcconfig */;
			buildSettings = {
				ALWAYS_EMBED_SWIFT_STANDARD_LIBRARIES = YES;
				CODE_SIGN_STYLE = Automatic;
				INFOPLIST_FILE = ShopifyMobileApplicationUITests/Info.plist;
				LD_RUNPATH_SEARCH_PATHS = (
					"$(inherited)",
					"@executable_path/Frameworks",
					"@loader_path/Frameworks",
				);
				PRODUCT_BUNDLE_IDENTIFIER = thomasBahen.ShopifyMobileApplicationUITests;
				PRODUCT_NAME = "$(TARGET_NAME)";
				SWIFT_VERSION = 4.2;
				TARGETED_DEVICE_FAMILY = "1,2";
				TEST_TARGET_NAME = ShopifyMobileApplication;
			};
			name = Debug;
		};
		053B52B621E5025C003AABFC /* Release */ = {
			isa = XCBuildConfiguration;
			baseConfigurationReference = 786B3D7EF25BC5AE095CC42C /* Pods-ShopifyMobileApplicationUITests.release.xcconfig */;
			buildSettings = {
				ALWAYS_EMBED_SWIFT_STANDARD_LIBRARIES = YES;
				CODE_SIGN_STYLE = Automatic;
				INFOPLIST_FILE = ShopifyMobileApplicationUITests/Info.plist;
				LD_RUNPATH_SEARCH_PATHS = (
					"$(inherited)",
					"@executable_path/Frameworks",
					"@loader_path/Frameworks",
				);
				PRODUCT_BUNDLE_IDENTIFIER = thomasBahen.ShopifyMobileApplicationUITests;
				PRODUCT_NAME = "$(TARGET_NAME)";
				SWIFT_VERSION = 4.2;
				TARGETED_DEVICE_FAMILY = "1,2";
				TEST_TARGET_NAME = ShopifyMobileApplication;
			};
			name = Release;
		};
/* End XCBuildConfiguration section */

/* Begin XCConfigurationList section */
		053B527D21E5025A003AABFC /* Build configuration list for PBXProject "ShopifyMobileApplication" */ = {
			isa = XCConfigurationList;
			buildConfigurations = (
				053B52AC21E5025C003AABFC /* Debug */,
				053B52AD21E5025C003AABFC /* Release */,
			);
			defaultConfigurationIsVisible = 0;
			defaultConfigurationName = Release;
		};
		053B52AE21E5025C003AABFC /* Build configuration list for PBXNativeTarget "ShopifyMobileApplication" */ = {
			isa = XCConfigurationList;
			buildConfigurations = (
				053B52AF21E5025C003AABFC /* Debug */,
				053B52B021E5025C003AABFC /* Release */,
			);
			defaultConfigurationIsVisible = 0;
			defaultConfigurationName = Release;
		};
		053B52B121E5025C003AABFC /* Build configuration list for PBXNativeTarget "ShopifyMobileApplicationTests" */ = {
			isa = XCConfigurationList;
			buildConfigurations = (
				053B52B221E5025C003AABFC /* Debug */,
				053B52B321E5025C003AABFC /* Release */,
			);
			defaultConfigurationIsVisible = 0;
			defaultConfigurationName = Release;
		};
		053B52B421E5025C003AABFC /* Build configuration list for PBXNativeTarget "ShopifyMobileApplicationUITests" */ = {
			isa = XCConfigurationList;
			buildConfigurations = (
				053B52B521E5025C003AABFC /* Debug */,
				053B52B621E5025C003AABFC /* Release */,
			);
			defaultConfigurationIsVisible = 0;
			defaultConfigurationName = Release;
		};
/* End XCConfigurationList section */
	};
	rootObject = 053B527A21E5025A003AABFC /* Project object */;
}
